
Microsoft Visual Studio Solution File, Format Version 12.00
# Visual Studio Version 17
VisualStudioVersion = 17.0.31903.59
MinimumVisualStudioVersion = 10.0.40219.1
Project("{2150E333-8FDC-42A3-9474-1A3956D46DE8}") = "src", "src", "{CDE87A1D-0FD6-4FB3-9554-D4B6DAB685D0}"
EndProject
Project("{2150E333-8FDC-42A3-9474-1A3956D46DE8}") = "tests", "tests", "{14BFD424-85EB-4EE1-98CC-ECF5274864E5}"
EndProject
Project("{9A19103F-16F7-4668-BE54-9A1E7A4F7556}") = "AutoLectureRecorder", "src\AutoLectureRecorder.WPF\AutoLectureRecorder.csproj", "{586540DD-3604-466C-8644-733A7347B0D0}"
EndProject
Project("{9A19103F-16F7-4668-BE54-9A1E7A4F7556}") = "AutoLectureRecorder.Data", "src\AutoLectureRecorder.Data\AutoLectureRecorder.Data.csproj", "{5B7CF2A4-EAC7-41E3-9E7B-5BD81FB00A26}"
EndProject
Project("{9A19103F-16F7-4668-BE54-9A1E7A4F7556}") = "AutoLectureRecorder.Services", "src\AutoLectureRecorder.Services\AutoLectureRecorder.Services.csproj", "{5F920A66-BD07-4916-A999-A678A03AC5CE}"
EndProject
Project("{9A19103F-16F7-4668-BE54-9A1E7A4F7556}") = "AutoLectureRecorder.UnitTests", "tests\AutoLectureRecorder.UnitTests\AutoLectureRecorder.UnitTests.csproj", "{B06406D7-2DC1-4FCD-B7AD-6CDE72392757}"
EndProject
Project("{9A19103F-16F7-4668-BE54-9A1E7A4F7556}") = "AutoLectureRecorder.WebDriver.UnitTests", "tests\AutoLectureRecorder.WebDriver.UnitTests\AutoLectureRecorder.WebDriver.UnitTests.csproj", "{BBF82F8A-9C32-4298-878E-1FB8830F5C29}"
EndProject
Project("{FAE04EC0-301F-11D3-BF4B-00C04F79EFBC}") = "AutoLectureRecorder.Recorder.Tests", "tests\AutoLectureRecorder.Recorder.Tests\AutoLectureRecorder.Recorder.Tests.csproj", "{1D2AFEDC-0A05-4D67-994B-9ABD5528D32E}"
EndProject
Global
	GlobalSection(SolutionConfigurationPlatforms) = preSolution
		Debug|Any CPU = Debug|Any CPU
		Debug|x64 = Debug|x64
		Release|Any CPU = Release|Any CPU
		Release|x64 = Release|x64
	EndGlobalSection
	GlobalSection(ProjectConfigurationPlatforms) = postSolution
		{586540DD-3604-466C-8644-733A7347B0D0}.Debug|Any CPU.ActiveCfg = Debug|Any CPU
		{586540DD-3604-466C-8644-733A7347B0D0}.Debug|Any CPU.Build.0 = Debug|Any CPU
		{586540DD-3604-466C-8644-733A7347B0D0}.Debug|x64.ActiveCfg = Debug|x64
		{586540DD-3604-466C-8644-733A7347B0D0}.Debug|x64.Build.0 = Debug|x64
		{586540DD-3604-466C-8644-733A7347B0D0}.Release|Any CPU.ActiveCfg = Release|x64
		{586540DD-3604-466C-8644-733A7347B0D0}.Release|Any CPU.Build.0 = Release|x64
		{586540DD-3604-466C-8644-733A7347B0D0}.Release|x64.ActiveCfg = Release|x64
		{586540DD-3604-466C-8644-733A7347B0D0}.Release|x64.Build.0 = Release|x64
		{5B7CF2A4-EAC7-41E3-9E7B-5BD81FB00A26}.Debug|Any CPU.ActiveCfg = Debug|Any CPU
		{5B7CF2A4-EAC7-41E3-9E7B-5BD81FB00A26}.Debug|Any CPU.Build.0 = Debug|Any CPU
		{5B7CF2A4-EAC7-41E3-9E7B-5BD81FB00A26}.Debug|x64.ActiveCfg = x64|x64
		{5B7CF2A4-EAC7-41E3-9E7B-5BD81FB00A26}.Debug|x64.Build.0 = x64|x64
		{5B7CF2A4-EAC7-41E3-9E7B-5BD81FB00A26}.Release|Any CPU.ActiveCfg = Release|Any CPU
		{5B7CF2A4-EAC7-41E3-9E7B-5BD81FB00A26}.Release|Any CPU.Build.0 = Release|Any CPU
		{5B7CF2A4-EAC7-41E3-9E7B-5BD81FB00A26}.Release|x64.ActiveCfg = Release|x64
		{5B7CF2A4-EAC7-41E3-9E7B-5BD81FB00A26}.Release|x64.Build.0 = Release|x64
		{5F920A66-BD07-4916-A999-A678A03AC5CE}.Debug|Any CPU.ActiveCfg = Debug|Any CPU
		{5F920A66-BD07-4916-A999-A678A03AC5CE}.Debug|Any CPU.Build.0 = Debug|Any CPU
		{5F920A66-BD07-4916-A999-A678A03AC5CE}.Debug|x64.ActiveCfg = Debug|x64
		{5F920A66-BD07-4916-A999-A678A03AC5CE}.Debug|x64.Build.0 = Debug|x64
		{5F920A66-BD07-4916-A999-A678A03AC5CE}.Release|Any CPU.ActiveCfg = Release|x64
		{5F920A66-BD07-4916-A999-A678A03AC5CE}.Release|Any CPU.Build.0 = Release|x64
		{5F920A66-BD07-4916-A999-A678A03AC5CE}.Release|x64.ActiveCfg = Release|x64
		{5F920A66-BD07-4916-A999-A678A03AC5CE}.Release|x64.Build.0 = Release|x64
		{B06406D7-2DC1-4FCD-B7AD-6CDE72392757}.Debug|Any CPU.ActiveCfg = Debug|Any CPU
		{B06406D7-2DC1-4FCD-B7AD-6CDE72392757}.Debug|Any CPU.Build.0 = Debug|Any CPU
		{B06406D7-2DC1-4FCD-B7AD-6CDE72392757}.Debug|x64.ActiveCfg = x64|x64
		{B06406D7-2DC1-4FCD-B7AD-6CDE72392757}.Debug|x64.Build.0 = x64|x64
		{B06406D7-2DC1-4FCD-B7AD-6CDE72392757}.Release|Any CPU.ActiveCfg = Release|Any CPU
		{B06406D7-2DC1-4FCD-B7AD-6CDE72392757}.Release|Any CPU.Build.0 = Release|Any CPU
		{B06406D7-2DC1-4FCD-B7AD-6CDE72392757}.Release|x64.ActiveCfg = Release|x64
		{B06406D7-2DC1-4FCD-B7AD-6CDE72392757}.Release|x64.Build.0 = Release|x64
		{BBF82F8A-9C32-4298-878E-1FB8830F5C29}.Debug|Any CPU.ActiveCfg = Debug|Any CPU
		{BBF82F8A-9C32-4298-878E-1FB8830F5C29}.Debug|Any CPU.Build.0 = Debug|Any CPU
		{BBF82F8A-9C32-4298-878E-1FB8830F5C29}.Debug|x64.ActiveCfg = x64|x64
		{BBF82F8A-9C32-4298-878E-1FB8830F5C29}.Debug|x64.Build.0 = x64|x64
		{BBF82F8A-9C32-4298-878E-1FB8830F5C29}.Release|Any CPU.ActiveCfg = Release|Any CPU
		{BBF82F8A-9C32-4298-878E-1FB8830F5C29}.Release|Any CPU.Build.0 = Release|Any CPU
		{BBF82F8A-9C32-4298-878E-1FB8830F5C29}.Release|x64.ActiveCfg = Release|x64
		{BBF82F8A-9C32-4298-878E-1FB8830F5C29}.Release|x64.Build.0 = Release|x64
		{1D2AFEDC-0A05-4D67-994B-9ABD5528D32E}.Debug|Any CPU.ActiveCfg = Debug|Any CPU
		{1D2AFEDC-0A05-4D67-994B-9ABD5528D32E}.Debug|Any CPU.Build.0 = Debug|Any CPU
		{1D2AFEDC-0A05-4D67-994B-9ABD5528D32E}.Debug|x64.ActiveCfg = Debug|Any CPU
		{1D2AFEDC-0A05-4D67-994B-9ABD5528D32E}.Debug|x64.Build.0 = Debug|Any CPU
		{1D2AFEDC-0A05-4D67-994B-9ABD5528D32E}.Release|Any CPU.ActiveCfg = Release|Any CPU
		{1D2AFEDC-0A05-4D67-994B-9ABD5528D32E}.Release|Any CPU.Build.0 = Release|Any CPU
		{1D2AFEDC-0A05-4D67-994B-9ABD5528D32E}.Release|x64.ActiveCfg = Release|Any CPU
		{1D2AFEDC-0A05-4D67-994B-9ABD5528D32E}.Release|x64.Build.0 = Release|Any CPU
	EndGlobalSection
	GlobalSection(SolutionProperties) = preSolution
		HideSolutionNode = FALSE
	EndGlobalSection
	GlobalSection(NestedProjects) = preSolution
		{586540DD-3604-466C-8644-733A7347B0D0} = {CDE87A1D-0FD6-4FB3-9554-D4B6DAB685D0}
		{5B7CF2A4-EAC7-41E3-9E7B-5BD81FB00A26} = {CDE87A1D-0FD6-4FB3-9554-D4B6DAB685D0}
		{5F920A66-BD07-4916-A999-A678A03AC5CE} = {CDE87A1D-0FD6-4FB3-9554-D4B6DAB685D0}
		{B06406D7-2DC1-4FCD-B7AD-6CDE72392757} = {14BFD424-85EB-4EE1-98CC-ECF5274864E5}
		{BBF82F8A-9C32-4298-878E-1FB8830F5C29} = {14BFD424-85EB-4EE1-98CC-ECF5274864E5}
		{1D2AFEDC-0A05-4D67-994B-9ABD5528D32E} = {14BFD424-85EB-4EE1-98CC-ECF5274864E5}
	EndGlobalSection
	GlobalSection(ExtensibilityGlobals) = postSolution
		SolutionGuid = {9FB2FC86-8302-4376-94B4-BA99E6C53CEA}
	EndGlobalSection
EndGlobal
