
Microsoft Visual Studio Solution File, Format Version 12.00
# Visual Studio Version 16
VisualStudioVersion = 16.0.30523.141
MinimumVisualStudioVersion = 10.0.40219.1
Project("{FAE04EC0-301F-11D3-BF4B-00C04F79EFBC}") = "AutoLectureRecorder", "Auto Lecture Recorder\AutoLectureRecorder.csproj", "{ED334155-1CAC-4F63-BE0C-5F00DEEDF55C}"
EndProject
Global
	GlobalSection(SolutionConfigurationPlatforms) = preSolution
		Debug|Any CPU = Debug|Any CPU
		Release|Any CPU = Release|Any CPU
	EndGlobalSection
	GlobalSection(ProjectConfigurationPlatforms) = postSolution
		{ED334155-1CAC-4F63-BE0C-5F00DEEDF55C}.Debug|Any CPU.ActiveCfg = Debug|Any CPU
		{ED334155-1CAC-4F63-BE0C-5F00DEEDF55C}.Debug|Any CPU.Build.0 = Debug|Any CPU
		{ED334155-1CAC-4F63-BE0C-5F00DEEDF55C}.Release|Any CPU.ActiveCfg = Release|Any CPU
		{ED334155-1CAC-4F63-BE0C-5F00DEEDF55C}.Release|Any CPU.Build.0 = Release|Any CPU
	EndGlobalSection
	GlobalSection(SolutionProperties) = preSolution
		HideSolutionNode = FALSE
	EndGlobalSection
	GlobalSection(ExtensibilityGlobals) = postSolution
		SolutionGuid = {87849E18-5CDD-4DEB-9D46-B938C5066DB8}
	EndGlobalSection
EndGlobal
